// !$*UTF8*$!
{
	archiveVersion = 1;
	classes = {
	};
	objectVersion = 56;
	objects = {

/* Begin PBXBuildFile section */
		D05584DE2BFF34AF00621068 /* AppDelegate.m in Sources */ = {isa = PBXBuildFile; fileRef = D05584DD2BFF34AF00621068 /* AppDelegate.m */; };
		D05584E12BFF34AF00621068 /* SceneDelegate.m in Sources */ = {isa = PBXBuildFile; fileRef = D05584E02BFF34AF00621068 /* SceneDelegate.m */; };
		D05584E42BFF34AF00621068 /* ViewController.m in Sources */ = {isa = PBXBuildFile; fileRef = D05584E32BFF34AF00621068 /* ViewController.m */; };
		D05584E72BFF34AF00621068 /* Base in Resources */ = {isa = PBXBuildFile; fileRef = D05584E62BFF34AF00621068 /* Base */; };
		D05584E92BFF34B100621068 /* Assets.xcassets in Resources */ = {isa = PBXBuildFile; fileRef = D05584E82BFF34B100621068 /* Assets.xcassets */; };
		D05584EC2BFF34B100621068 /* Base in Resources */ = {isa = PBXBuildFile; fileRef = D05584EB2BFF34B100621068 /* Base */; };
		D05584EF2BFF34B100621068 /* main.m in Sources */ = {isa = PBXBuildFile; fileRef = D05584EE2BFF34B100621068 /* main.m */; };
		D05584F92BFF34B100621068 /* HomeWork6Tests.m in Sources */ = {isa = PBXBuildFile; fileRef = D05584F82BFF34B100621068 /* HomeWork6Tests.m */; };
		D05585032BFF34B100621068 /* HomeWork6UITests.m in Sources */ = {isa = PBXBuildFile; fileRef = D05585022BFF34B100621068 /* HomeWork6UITests.m */; };
		D05585052BFF34B100621068 /* HomeWork6UITestsLaunchTests.m in Sources */ = {isa = PBXBuildFile; fileRef = D05585042BFF34B100621068 /* HomeWork6UITestsLaunchTests.m */; };
		D05CA4662C00834900CA4174 /* Robot.m in Sources */ = {isa = PBXBuildFile; fileRef = D05CA4652C00834900CA4174 /* Robot.m */; };
		D05CA46C2C008EB600CA4174 /* RobotViewController.m in Sources */ = {isa = PBXBuildFile; fileRef = D05CA46B2C008EB600CA4174 /* RobotViewController.m */; };
/* End PBXBuildFile section */

/* Begin PBXContainerItemProxy section */
		D05584F52BFF34B100621068 /* PBXContainerItemProxy */ = {
			isa = PBXContainerItemProxy;
			containerPortal = D05584D12BFF34AF00621068 /* Project object */;
			proxyType = 1;
			remoteGlobalIDString = D05584D82BFF34AF00621068;
			remoteInfo = HomeWork6;
		};
		D05584FF2BFF34B100621068 /* PBXContainerItemProxy */ = {
			isa = PBXContainerItemProxy;
			containerPortal = D05584D12BFF34AF00621068 /* Project object */;
			proxyType = 1;
			remoteGlobalIDString = D05584D82BFF34AF00621068;
			remoteInfo = HomeWork6;
		};
/* End PBXContainerItemProxy section */

/* Begin PBXFileReference section */
		D05584D92BFF34AF00621068 /* HomeWork6.app */ = {isa = PBXFileReference; explicitFileType = wrapper.application; includeInIndex = 0; path = HomeWork6.app; sourceTree = BUILT_PRODUCTS_DIR; };
		D05584DC2BFF34AF00621068 /* AppDelegate.h */ = {isa = PBXFileReference; lastKnownFileType = sourcecode.c.h; path = AppDelegate.h; sourceTree = "<group>"; };
		D05584DD2BFF34AF00621068 /* AppDelegate.m */ = {isa = PBXFileReference; lastKnownFileType = sourcecode.c.objc; path = AppDelegate.m; sourceTree = "<group>"; };
		D05584DF2BFF34AF00621068 /* SceneDelegate.h */ = {isa = PBXFileReference; lastKnownFileType = sourcecode.c.h; path = SceneDelegate.h; sourceTree = "<group>"; };
		D05584E02BFF34AF00621068 /* SceneDelegate.m */ = {isa = PBXFileReference; lastKnownFileType = sourcecode.c.objc; path = SceneDelegate.m; sourceTree = "<group>"; };
		D05584E22BFF34AF00621068 /* ViewController.h */ = {isa = PBXFileReference; lastKnownFileType = sourcecode.c.h; path = ViewController.h; sourceTree = "<group>"; };
		D05584E32BFF34AF00621068 /* ViewController.m */ = {isa = PBXFileReference; lastKnownFileType = sourcecode.c.objc; path = ViewController.m; sourceTree = "<group>"; };
		D05584E62BFF34AF00621068 /* Base */ = {isa = PBXFileReference; lastKnownFileType = file.storyboard; name = Base; path = Base.lproj/Main.storyboard; sourceTree = "<group>"; };
		D05584E82BFF34B100621068 /* Assets.xcassets */ = {isa = PBXFileReference; lastKnownFileType = folder.assetcatalog; path = Assets.xcassets; sourceTree = "<group>"; };
		D05584EB2BFF34B100621068 /* Base */ = {isa = PBXFileReference; lastKnownFileType = file.storyboard; name = Base; path = Base.lproj/LaunchScreen.storyboard; sourceTree = "<group>"; };
		D05584ED2BFF34B100621068 /* Info.plist */ = {isa = PBXFileReference; lastKnownFileType = text.plist.xml; path = Info.plist; sourceTree = "<group>"; };
		D05584EE2BFF34B100621068 /* main.m */ = {isa = PBXFileReference; lastKnownFileType = sourcecode.c.objc; path = main.m; sourceTree = "<group>"; };
		D05584F42BFF34B100621068 /* HomeWork6Tests.xctest */ = {isa = PBXFileReference; explicitFileType = wrapper.cfbundle; includeInIndex = 0; path = HomeWork6Tests.xctest; sourceTree = BUILT_PRODUCTS_DIR; };
		D05584F82BFF34B100621068 /* HomeWork6Tests.m */ = {isa = PBXFileReference; lastKnownFileType = sourcecode.c.objc; path = HomeWork6Tests.m; sourceTree = "<group>"; };
		D05584FE2BFF34B100621068 /* HomeWork6UITests.xctest */ = {isa = PBXFileReference; explicitFileType = wrapper.cfbundle; includeInIndex = 0; path = HomeWork6UITests.xctest; sourceTree = BUILT_PRODUCTS_DIR; };
		D05585022BFF34B100621068 /* HomeWork6UITests.m */ = {isa = PBXFileReference; lastKnownFileType = sourcecode.c.objc; path = HomeWork6UITests.m; sourceTree = "<group>"; };
		D05585042BFF34B100621068 /* HomeWork6UITestsLaunchTests.m */ = {isa = PBXFileReference; lastKnownFileType = sourcecode.c.objc; path = HomeWork6UITestsLaunchTests.m; sourceTree = "<group>"; };
		D05CA4642C00834900CA4174 /* Robot.h */ = {isa = PBXFileReference; lastKnownFileType = sourcecode.c.h; path = Robot.h; sourceTree = "<group>"; };
		D05CA4652C00834900CA4174 /* Robot.m */ = {isa = PBXFileReference; lastKnownFileType = sourcecode.c.objc; path = Robot.m; sourceTree = "<group>"; };
		D05CA46A2C008EB600CA4174 /* RobotViewController.h */ = {isa = PBXFileReference; lastKnownFileType = sourcecode.c.h; path = RobotViewController.h; sourceTree = "<group>"; };
		D05CA46B2C008EB600CA4174 /* RobotViewController.m */ = {isa = PBXFileReference; lastKnownFileType = sourcecode.c.objc; path = RobotViewController.m; sourceTree = "<group>"; };
/* End PBXFileReference section */

/* Begin PBXFrameworksBuildPhase section */
		D05584D62BFF34AF00621068 /* Frameworks */ = {
			isa = PBXFrameworksBuildPhase;
			buildActionMask = 2147483647;
			files = (
			);
			runOnlyForDeploymentPostprocessing = 0;
		};
		D05584F12BFF34B100621068 /* Frameworks */ = {
			isa = PBXFrameworksBuildPhase;
			buildActionMask = 2147483647;
			files = (
			);
			runOnlyForDeploymentPostprocessing = 0;
		};
		D05584FB2BFF34B100621068 /* Frameworks */ = {
			isa = PBXFrameworksBuildPhase;
			buildActionMask = 2147483647;
			files = (
			);
			runOnlyForDeploymentPostprocessing = 0;
		};
/* End PBXFrameworksBuildPhase section */

/* Begin PBXGroup section */
		D05584D02BFF34AF00621068 = {
			isa = PBXGroup;
			children = (
				D05584DB2BFF34AF00621068 /* HomeWork6 */,
				D05584F72BFF34B100621068 /* HomeWork6Tests */,
				D05585012BFF34B100621068 /* HomeWork6UITests */,
				D05584DA2BFF34AF00621068 /* Products */,
			);
			sourceTree = "<group>";
		};
		D05584DA2BFF34AF00621068 /* Products */ = {
			isa = PBXGroup;
			children = (
				D05584D92BFF34AF00621068 /* HomeWork6.app */,
				D05584F42BFF34B100621068 /* HomeWork6Tests.xctest */,
				D05584FE2BFF34B100621068 /* HomeWork6UITests.xctest */,
			);
			name = Products;
			sourceTree = "<group>";
		};
		D05584DB2BFF34AF00621068 /* HomeWork6 */ = {
			isa = PBXGroup;
			children = (
				D05584DC2BFF34AF00621068 /* AppDelegate.h */,
				D05584DD2BFF34AF00621068 /* AppDelegate.m */,
				D05584DF2BFF34AF00621068 /* SceneDelegate.h */,
				D05584E02BFF34AF00621068 /* SceneDelegate.m */,
				D05584E22BFF34AF00621068 /* ViewController.h */,
				D05584E32BFF34AF00621068 /* ViewController.m */,
				D05CA4642C00834900CA4174 /* Robot.h */,
				D05CA4652C00834900CA4174 /* Robot.m */,
				D05584E52BFF34AF00621068 /* Main.storyboard */,
				D05CA46A2C008EB600CA4174 /* RobotViewController.h */,
				D05CA46B2C008EB600CA4174 /* RobotViewController.m */,
				D05584E82BFF34B100621068 /* Assets.xcassets */,
				D05584EA2BFF34B100621068 /* LaunchScreen.storyboard */,
				D05584ED2BFF34B100621068 /* Info.plist */,
				D05584EE2BFF34B100621068 /* main.m */,
			);
			path = HomeWork6;
			sourceTree = "<group>";
		};
		D05584F72BFF34B100621068 /* HomeWork6Tests */ = {
			isa = PBXGroup;
			children = (
				D05584F82BFF34B100621068 /* HomeWork6Tests.m */,
			);
			path = HomeWork6Tests;
			sourceTree = "<group>";
		};
		D05585012BFF34B100621068 /* HomeWork6UITests */ = {
			isa = PBXGroup;
			children = (
				D05585022BFF34B100621068 /* HomeWork6UITests.m */,
				D05585042BFF34B100621068 /* HomeWork6UITestsLaunchTests.m */,
			);
			path = HomeWork6UITests;
			sourceTree = "<group>";
		};
/* End PBXGroup section */

/* Begin PBXNativeTarget section */
		D05584D82BFF34AF00621068 /* HomeWork6 */ = {
			isa = PBXNativeTarget;
			buildConfigurationList = D05585082BFF34B100621068 /* Build configuration list for PBXNativeTarget "HomeWork6" */;
			buildPhases = (
				D05584D52BFF34AF00621068 /* Sources */,
				D05584D62BFF34AF00621068 /* Frameworks */,
				D05584D72BFF34AF00621068 /* Resources */,
			);
			buildRules = (
			);
			dependencies = (
			);
			name = HomeWork6;
			productName = HomeWork6;
			productReference = D05584D92BFF34AF00621068 /* HomeWork6.app */;
			productType = "com.apple.product-type.application";
		};
		D05584F32BFF34B100621068 /* HomeWork6Tests */ = {
			isa = PBXNativeTarget;
			buildConfigurationList = D055850B2BFF34B100621068 /* Build configuration list for PBXNativeTarget "HomeWork6Tests" */;
			buildPhases = (
				D05584F02BFF34B100621068 /* Sources */,
				D05584F12BFF34B100621068 /* Frameworks */,
				D05584F22BFF34B100621068 /* Resources */,
			);
			buildRules = (
			);
			dependencies = (
				D05584F62BFF34B100621068 /* PBXTargetDependency */,
			);
			name = HomeWork6Tests;
			productName = HomeWork6Tests;
			productReference = D05584F42BFF34B100621068 /* HomeWork6Tests.xctest */;
			productType = "com.apple.product-type.bundle.unit-test";
		};
		D05584FD2BFF34B100621068 /* HomeWork6UITests */ = {
			isa = PBXNativeTarget;
			buildConfigurationList = D055850E2BFF34B100621068 /* Build configuration list for PBXNativeTarget "HomeWork6UITests" */;
			buildPhases = (
				D05584FA2BFF34B100621068 /* Sources */,
				D05584FB2BFF34B100621068 /* Frameworks */,
				D05584FC2BFF34B100621068 /* Resources */,
			);
			buildRules = (
			);
			dependencies = (
				D05585002BFF34B100621068 /* PBXTargetDependency */,
			);
			name = HomeWork6UITests;
			productName = HomeWork6UITests;
			productReference = D05584FE2BFF34B100621068 /* HomeWork6UITests.xctest */;
			productType = "com.apple.product-type.bundle.ui-testing";
		};
/* End PBXNativeTarget section */

/* Begin PBXProject section */
		D05584D12BFF34AF00621068 /* Project object */ = {
			isa = PBXProject;
			attributes = {
				BuildIndependentTargetsInParallel = 1;
				LastUpgradeCheck = 1530;
				TargetAttributes = {
					D05584D82BFF34AF00621068 = {
						CreatedOnToolsVersion = 15.3;
					};
					D05584F32BFF34B100621068 = {
						CreatedOnToolsVersion = 15.3;
						TestTargetID = D05584D82BFF34AF00621068;
					};
					D05584FD2BFF34B100621068 = {
						CreatedOnToolsVersion = 15.3;
						TestTargetID = D05584D82BFF34AF00621068;
					};
				};
			};
			buildConfigurationList = D05584D42BFF34AF00621068 /* Build configuration list for PBXProject "HomeWork6" */;
			compatibilityVersion = "Xcode 14.0";
			developmentRegion = en;
			hasScannedForEncodings = 0;
			knownRegions = (
				en,
				Base,
			);
			mainGroup = D05584D02BFF34AF00621068;
			productRefGroup = D05584DA2BFF34AF00621068 /* Products */;
			projectDirPath = "";
			projectRoot = "";
			targets = (
				D05584D82BFF34AF00621068 /* HomeWork6 */,
				D05584F32BFF34B100621068 /* HomeWork6Tests */,
				D05584FD2BFF34B100621068 /* HomeWork6UITests */,
			);
		};
/* End PBXProject section */

/* Begin PBXResourcesBuildPhase section */
		D05584D72BFF34AF00621068 /* Resources */ = {
			isa = PBXResourcesBuildPhase;
			buildActionMask = 2147483647;
			files = (
				D05584E92BFF34B100621068 /* Assets.xcassets in Resources */,
				D05584EC2BFF34B100621068 /* Base in Resources */,
				D05584E72BFF34AF00621068 /* Base in Resources */,
			);
			runOnlyForDeploymentPostprocessing = 0;
		};
		D05584F22BFF34B100621068 /* Resources */ = {
			isa = PBXResourcesBuildPhase;
			buildActionMask = 2147483647;
			files = (
			);
			runOnlyForDeploymentPostprocessing = 0;
		};
		D05584FC2BFF34B100621068 /* Resources */ = {
			isa = PBXResourcesBuildPhase;
			buildActionMask = 2147483647;
			files = (
			);
			runOnlyForDeploymentPostprocessing = 0;
		};
/* End PBXResourcesBuildPhase section */

/* Begin PBXSourcesBuildPhase section */
		D05584D52BFF34AF00621068 /* Sources */ = {
			isa = PBXSourcesBuildPhase;
			buildActionMask = 2147483647;
			files = (
				D05584E42BFF34AF00621068 /* ViewController.m in Sources */,
				D05584DE2BFF34AF00621068 /* AppDelegate.m in Sources */,
				D05584EF2BFF34B100621068 /* main.m in Sources */,
				D05CA46C2C008EB600CA4174 /* RobotViewController.m in Sources */,
				D05584E12BFF34AF00621068 /* SceneDelegate.m in Sources */,
				D05CA4662C00834900CA4174 /* Robot.m in Sources */,
			);
			runOnlyForDeploymentPostprocessing = 0;
		};
		D05584F02BFF34B100621068 /* Sources */ = {
			isa = PBXSourcesBuildPhase;
			buildActionMask = 2147483647;
			files = (
				D05584F92BFF34B100621068 /* HomeWork6Tests.m in Sources */,
			);
			runOnlyForDeploymentPostprocessing = 0;
		};
		D05584FA2BFF34B100621068 /* Sources */ = {
			isa = PBXSourcesBuildPhase;
			buildActionMask = 2147483647;
			files = (
				D05585032BFF34B100621068 /* HomeWork6UITests.m in Sources */,
				D05585052BFF34B100621068 /* HomeWork6UITestsLaunchTests.m in Sources */,
			);
			runOnlyForDeploymentPostprocessing = 0;
		};
/* End PBXSourcesBuildPhase section */

/* Begin PBXTargetDependency section */
		D05584F62BFF34B100621068 /* PBXTargetDependency */ = {
			isa = PBXTargetDependency;
			target = D05584D82BFF34AF00621068 /* HomeWork6 */;
			targetProxy = D05584F52BFF34B100621068 /* PBXContainerItemProxy */;
		};
		D05585002BFF34B100621068 /* PBXTargetDependency */ = {
			isa = PBXTargetDependency;
			target = D05584D82BFF34AF00621068 /* HomeWork6 */;
			targetProxy = D05584FF2BFF34B100621068 /* PBXContainerItemProxy */;
		};
/* End PBXTargetDependency section */

/* Begin PBXVariantGroup section */
		D05584E52BFF34AF00621068 /* Main.storyboard */ = {
			isa = PBXVariantGroup;
			children = (
				D05584E62BFF34AF00621068 /* Base */,
			);
			name = Main.storyboard;
			sourceTree = "<group>";
		};
		D05584EA2BFF34B100621068 /* LaunchScreen.storyboard */ = {
			isa = PBXVariantGroup;
			children = (
				D05584EB2BFF34B100621068 /* Base */,
			);
			name = LaunchScreen.storyboard;
			sourceTree = "<group>";
		};
/* End PBXVariantGroup section */

/* Begin XCBuildConfiguration section */
		D05585062BFF34B100621068 /* Debug */ = {
			isa = XCBuildConfiguration;
			buildSettings = {
				ALWAYS_SEARCH_USER_PATHS = NO;
				ASSETCATALOG_COMPILER_GENERATE_SWIFT_ASSET_SYMBOL_EXTENSIONS = YES;
				CLANG_ANALYZER_NONNULL = YES;
				CLANG_ANALYZER_NUMBER_OBJECT_CONVERSION = YES_AGGRESSIVE;
				CLANG_CXX_LANGUAGE_STANDARD = "gnu++20";
				CLANG_ENABLE_MODULES = YES;
				CLANG_ENABLE_OBJC_ARC = YES;
				CLANG_ENABLE_OBJC_WEAK = YES;
				CLANG_WARN_BLOCK_CAPTURE_AUTORELEASING = YES;
				CLANG_WARN_BOOL_CONVERSION = YES;
				CLANG_WARN_COMMA = YES;
				CLANG_WARN_CONSTANT_CONVERSION = YES;
				CLANG_WARN_DEPRECATED_OBJC_IMPLEMENTATIONS = YES;
				CLANG_WARN_DIRECT_OBJC_ISA_USAGE = YES_ERROR;
				CLANG_WARN_DOCUMENTATION_COMMENTS = YES;
				CLANG_WARN_EMPTY_BODY = YES;
				CLANG_WARN_ENUM_CONVERSION = YES;
				CLANG_WARN_INFINITE_RECURSION = YES;
				CLANG_WARN_INT_CONVERSION = YES;
				CLANG_WARN_NON_LITERAL_NULL_CONVERSION = YES;
				CLANG_WARN_OBJC_IMPLICIT_RETAIN_SELF = YES;
				CLANG_WARN_OBJC_LITERAL_CONVERSION = YES;
				CLANG_WARN_OBJC_ROOT_CLASS = YES_ERROR;
				CLANG_WARN_QUOTED_INCLUDE_IN_FRAMEWORK_HEADER = YES;
				CLANG_WARN_RANGE_LOOP_ANALYSIS = YES;
				CLANG_WARN_STRICT_PROTOTYPES = YES;
				CLANG_WARN_SUSPICIOUS_MOVE = YES;
				CLANG_WARN_UNGUARDED_AVAILABILITY = YES_AGGRESSIVE;
				CLANG_WARN_UNREACHABLE_CODE = YES;
				CLANG_WARN__DUPLICATE_METHOD_MATCH = YES;
				COPY_PHASE_STRIP = NO;
				DEBUG_INFORMATION_FORMAT = dwarf;
				ENABLE_STRICT_OBJC_MSGSEND = YES;
				ENABLE_TESTABILITY = YES;
				ENABLE_USER_SCRIPT_SANDBOXING = YES;
				GCC_C_LANGUAGE_STANDARD = gnu17;
				GCC_DYNAMIC_NO_PIC = NO;
				GCC_NO_COMMON_BLOCKS = YES;
				GCC_OPTIMIZATION_LEVEL = 0;
				GCC_PREPROCESSOR_DEFINITIONS = (
					"DEBUG=1",
					"$(inherited)",
				);
				GCC_WARN_64_TO_32_BIT_CONVERSION = YES;
				GCC_WARN_ABOUT_RETURN_TYPE = YES_ERROR;
				GCC_WARN_UNDECLARED_SELECTOR = YES;
				GCC_WARN_UNINITIALIZED_AUTOS = YES_AGGRESSIVE;
				GCC_WARN_UNUSED_FUNCTION = YES;
				GCC_WARN_UNUSED_VARIABLE = YES;
				IPHONEOS_DEPLOYMENT_TARGET = 17.4;
				LOCALIZATION_PREFERS_STRING_CATALOGS = YES;
				MTL_ENABLE_DEBUG_INFO = INCLUDE_SOURCE;
				MTL_FAST_MATH = YES;
				ONLY_ACTIVE_ARCH = YES;
				SDKROOT = iphoneos;
			};
			name = Debug;
		};
		D05585072BFF34B100621068 /* Release */ = {
			isa = XCBuildConfiguration;
			buildSettings = {
				ALWAYS_SEARCH_USER_PATHS = NO;
				ASSETCATALOG_COMPILER_GENERATE_SWIFT_ASSET_SYMBOL_EXTENSIONS = YES;
				CLANG_ANALYZER_NONNULL = YES;
				CLANG_ANALYZER_NUMBER_OBJECT_CONVERSION = YES_AGGRESSIVE;
				CLANG_CXX_LANGUAGE_STANDARD = "gnu++20";
				CLANG_ENABLE_MODULES = YES;
				CLANG_ENABLE_OBJC_ARC = YES;
				CLANG_ENABLE_OBJC_WEAK = YES;
				CLANG_WARN_BLOCK_CAPTURE_AUTORELEASING = YES;
				CLANG_WARN_BOOL_CONVERSION = YES;
				CLANG_WARN_COMMA = YES;
				CLANG_WARN_CONSTANT_CONVERSION = YES;
				CLANG_WARN_DEPRECATED_OBJC_IMPLEMENTATIONS = YES;
				CLANG_WARN_DIRECT_OBJC_ISA_USAGE = YES_ERROR;
				CLANG_WARN_DOCUMENTATION_COMMENTS = YES;
				CLANG_WARN_EMPTY_BODY = YES;
				CLANG_WARN_ENUM_CONVERSION = YES;
				CLANG_WARN_INFINITE_RECURSION = YES;
				CLANG_WARN_INT_CONVERSION = YES;
				CLANG_WARN_NON_LITERAL_NULL_CONVERSION = YES;
				CLANG_WARN_OBJC_IMPLICIT_RETAIN_SELF = YES;
				CLANG_WARN_OBJC_LITERAL_CONVERSION = YES;
				CLANG_WARN_OBJC_ROOT_CLASS = YES_ERROR;
				CLANG_WARN_QUOTED_INCLUDE_IN_FRAMEWORK_HEADER = YES;
				CLANG_WARN_RANGE_LOOP_ANALYSIS = YES;
				CLANG_WARN_STRICT_PROTOTYPES = YES;
				CLANG_WARN_SUSPICIOUS_MOVE = YES;
				CLANG_WARN_UNGUARDED_AVAILABILITY = YES_AGGRESSIVE;
				CLANG_WARN_UNREACHABLE_CODE = YES;
				CLANG_WARN__DUPLICATE_METHOD_MATCH = YES;
				COPY_PHASE_STRIP = NO;
				DEBUG_INFORMATION_FORMAT = "dwarf-with-dsym";
				ENABLE_NS_ASSERTIONS = NO;
				ENABLE_STRICT_OBJC_MSGSEND = YES;
				ENABLE_USER_SCRIPT_SANDBOXING = YES;
				GCC_C_LANGUAGE_STANDARD = gnu17;
				GCC_NO_COMMON_BLOCKS = YES;
				GCC_WARN_64_TO_32_BIT_CONVERSION = YES;
				GCC_WARN_ABOUT_RETURN_TYPE = YES_ERROR;
				GCC_WARN_UNDECLARED_SELECTOR = YES;
				GCC_WARN_UNINITIALIZED_AUTOS = YES_AGGRESSIVE;
				GCC_WARN_UNUSED_FUNCTION = YES;
				GCC_WARN_UNUSED_VARIABLE = YES;
				IPHONEOS_DEPLOYMENT_TARGET = 17.4;
				LOCALIZATION_PREFERS_STRING_CATALOGS = YES;
				MTL_ENABLE_DEBUG_INFO = NO;
				MTL_FAST_MATH = YES;
				SDKROOT = iphoneos;
				VALIDATE_PRODUCT = YES;
			};
			name = Release;
		};
		D05585092BFF34B100621068 /* Debug */ = {
			isa = XCBuildConfiguration;
			buildSettings = {
				ASSETCATALOG_COMPILER_APPICON_NAME = AppIcon;
				ASSETCATALOG_COMPILER_GLOBAL_ACCENT_COLOR_NAME = AccentColor;
				CODE_SIGN_STYLE = Automatic;
				CURRENT_PROJECT_VERSION = 1;
				GENERATE_INFOPLIST_FILE = YES;
				INFOPLIST_FILE = HomeWork6/Info.plist;
				INFOPLIST_KEY_UIApplicationSupportsIndirectInputEvents = YES;
				INFOPLIST_KEY_UILaunchStoryboardName = LaunchScreen;
				INFOPLIST_KEY_UIMainStoryboardFile = Main;
				INFOPLIST_KEY_UISupportedInterfaceOrientations_iPad = "UIInterfaceOrientationPortrait UIInterfaceOrientationPortraitUpsideDown UIInterfaceOrientationLandscapeLeft UIInterfaceOrientationLandscapeRight";
				INFOPLIST_KEY_UISupportedInterfaceOrientations_iPhone = "UIInterfaceOrientationPortrait UIInterfaceOrientationLandscapeLeft UIInterfaceOrientationLandscapeRight";
				LD_RUNPATH_SEARCH_PATHS = (
					"$(inherited)",
					"@executable_path/Frameworks",
				);
				MARKETING_VERSION = 1.0;
				PRODUCT_BUNDLE_IDENTIFIER = "-.HomeWork6";
				PRODUCT_NAME = "$(TARGET_NAME)";
				SWIFT_EMIT_LOC_STRINGS = YES;
				TARGETED_DEVICE_FAMILY = "1,2";
			};
			name = Debug;
		};
		D055850A2BFF34B100621068 /* Release */ = {
			isa = XCBuildConfiguration;
			buildSettings = {
				ASSETCATALOG_COMPILER_APPICON_NAME = AppIcon;
				ASSETCATALOG_COMPILER_GLOBAL_ACCENT_COLOR_NAME = AccentColor;
				CODE_SIGN_STYLE = Automatic;
				CURRENT_PROJECT_VERSION = 1;
				GENERATE_INFOPLIST_FILE = YES;
				INFOPLIST_FILE = HomeWork6/Info.plist;
				INFOPLIST_KEY_UIApplicationSupportsIndirectInputEvents = YES;
				INFOPLIST_KEY_UILaunchStoryboardName = LaunchScreen;
				INFOPLIST_KEY_UIMainStoryboardFile = Main;
				INFOPLIST_KEY_UISupportedInterfaceOrientations_iPad = "UIInterfaceOrientationPortrait UIInterfaceOrientationPortraitUpsideDown UIInterfaceOrientationLandscapeLeft UIInterfaceOrientationLandscapeRight";
				INFOPLIST_KEY_UISupportedInterfaceOrientations_iPhone = "UIInterfaceOrientationPortrait UIInterfaceOrientationLandscapeLeft UIInterfaceOrientationLandscapeRight";
				LD_RUNPATH_SEARCH_PATHS = (
					"$(inherited)",
					"@executable_path/Frameworks",
				);
				MARKETING_VERSION = 1.0;
				PRODUCT_BUNDLE_IDENTIFIER = "-.HomeWork6";
				PRODUCT_NAME = "$(TARGET_NAME)";
				SWIFT_EMIT_LOC_STRINGS = YES;
				TARGETED_DEVICE_FAMILY = "1,2";
			};
			name = Release;
		};
		D055850C2BFF34B100621068 /* Debug */ = {
			isa = XCBuildConfiguration;
			buildSettings = {
				BUNDLE_LOADER = "$(TEST_HOST)";
				CODE_SIGN_STYLE = Automatic;
				CURRENT_PROJECT_VERSION = 1;
				GENERATE_INFOPLIST_FILE = YES;
				IPHONEOS_DEPLOYMENT_TARGET = 17.4;
				MARKETING_VERSION = 1.0;
				PRODUCT_BUNDLE_IDENTIFIER = "-.HomeWork6Tests";
				PRODUCT_NAME = "$(TARGET_NAME)";
				SWIFT_EMIT_LOC_STRINGS = NO;
				TARGETED_DEVICE_FAMILY = "1,2";
				TEST_HOST = "$(BUILT_PRODUCTS_DIR)/HomeWork6.app/$(BUNDLE_EXECUTABLE_FOLDER_PATH)/HomeWork6";
			};
			name = Debug;
		};
		D055850D2BFF34B100621068 /* Release */ = {
			isa = XCBuildConfiguration;
			buildSettings = {
				BUNDLE_LOADER = "$(TEST_HOST)";
				CODE_SIGN_STYLE = Automatic;
				CURRENT_PROJECT_VERSION = 1;
				GENERATE_INFOPLIST_FILE = YES;
				IPHONEOS_DEPLOYMENT_TARGET = 17.4;
				MARKETING_VERSION = 1.0;
				PRODUCT_BUNDLE_IDENTIFIER = "-.HomeWork6Tests";
				PRODUCT_NAME = "$(TARGET_NAME)";
				SWIFT_EMIT_LOC_STRINGS = NO;
				TARGETED_DEVICE_FAMILY = "1,2";
				TEST_HOST = "$(BUILT_PRODUCTS_DIR)/HomeWork6.app/$(BUNDLE_EXECUTABLE_FOLDER_PATH)/HomeWork6";
			};
			name = Release;
		};
		D055850F2BFF34B100621068 /* Debug */ = {
			isa = XCBuildConfiguration;
			buildSettings = {
				CODE_SIGN_STYLE = Automatic;
				CURRENT_PROJECT_VERSION = 1;
				GENERATE_INFOPLIST_FILE = YES;
				MARKETING_VERSION = 1.0;
				PRODUCT_BUNDLE_IDENTIFIER = "-.HomeWork6UITests";
				PRODUCT_NAME = "$(TARGET_NAME)";
				SWIFT_EMIT_LOC_STRINGS = NO;
				TARGETED_DEVICE_FAMILY = "1,2";
				TEST_TARGET_NAME = HomeWork6;
			};
			name = Debug;
		};
		D05585102BFF34B100621068 /* Release */ = {
			isa = XCBuildConfiguration;
			buildSettings = {
				CODE_SIGN_STYLE = Automatic;
				CURRENT_PROJECT_VERSION = 1;
				GENERATE_INFOPLIST_FILE = YES;
				MARKETING_VERSION = 1.0;
				PRODUCT_BUNDLE_IDENTIFIER = "-.HomeWork6UITests";
				PRODUCT_NAME = "$(TARGET_NAME)";
				SWIFT_EMIT_LOC_STRINGS = NO;
				TARGETED_DEVICE_FAMILY = "1,2";
				TEST_TARGET_NAME = HomeWork6;
			};
			name = Release;
		};
/* End XCBuildConfiguration section */

/* Begin XCConfigurationList section */
		D05584D42BFF34AF00621068 /* Build configuration list for PBXProject "HomeWork6" */ = {
			isa = XCConfigurationList;
			buildConfigurations = (
				D05585062BFF34B100621068 /* Debug */,
				D05585072BFF34B100621068 /* Release */,
			);
			defaultConfigurationIsVisible = 0;
			defaultConfigurationName = Release;
		};
		D05585082BFF34B100621068 /* Build configuration list for PBXNativeTarget "HomeWork6" */ = {
			isa = XCConfigurationList;
			buildConfigurations = (
				D05585092BFF34B100621068 /* Debug */,
				D055850A2BFF34B100621068 /* Release */,
			);
			defaultConfigurationIsVisible = 0;
			defaultConfigurationName = Release;
		};
		D055850B2BFF34B100621068 /* Build configuration list for PBXNativeTarget "HomeWork6Tests" */ = {
			isa = XCConfigurationList;
			buildConfigurations = (
				D055850C2BFF34B100621068 /* Debug */,
				D055850D2BFF34B100621068 /* Release */,
			);
			defaultConfigurationIsVisible = 0;
			defaultConfigurationName = Release;
		};
		D055850E2BFF34B100621068 /* Build configuration list for PBXNativeTarget "HomeWork6UITests" */ = {
			isa = XCConfigurationList;
			buildConfigurations = (
				D055850F2BFF34B100621068 /* Debug */,
				D05585102BFF34B100621068 /* Release */,
			);
			defaultConfigurationIsVisible = 0;
			defaultConfigurationName = Release;
		};
/* End XCConfigurationList section */
	};
	rootObject = D05584D12BFF34AF00621068 /* Project object */;
}
